
Microsoft Visual Studio Solution File, Format Version 12.00
# Visual Studio 15
VisualStudioVersion = 15.0.26730.16
MinimumVisualStudioVersion = 10.0.40219.1
Project("{FAE04EC0-301F-11D3-BF4B-00C04F79EFBC}") = "Burger_CodingDojo6", "Burger_CodingDojo6\Burger_CodingDojo6.csproj", "{E8CF96E5-6BB5-4B3B-9545-943068ACAAD1}"
EndProject
Global
	GlobalSection(SolutionConfigurationPlatforms) = preSolution
		Debug|Any CPU = Debug|Any CPU
		Release|Any CPU = Release|Any CPU
	EndGlobalSection
	GlobalSection(ProjectConfigurationPlatforms) = postSolution
		{E8CF96E5-6BB5-4B3B-9545-943068ACAAD1}.Debug|Any CPU.ActiveCfg = Debug|Any CPU
		{E8CF96E5-6BB5-4B3B-9545-943068ACAAD1}.Debug|Any CPU.Build.0 = Debug|Any CPU
		{E8CF96E5-6BB5-4B3B-9545-943068ACAAD1}.Release|Any CPU.ActiveCfg = Release|Any CPU
		{E8CF96E5-6BB5-4B3B-9545-943068ACAAD1}.Release|Any CPU.Build.0 = Release|Any CPU
	EndGlobalSection
	GlobalSection(SolutionProperties) = preSolution
		HideSolutionNode = FALSE
	EndGlobalSection
	GlobalSection(ExtensibilityGlobals) = postSolution
		SolutionGuid = {87636F24-86A4-4713-8417-AA8EB90B92D4}
	EndGlobalSection
EndGlobal
